
Microsoft Visual Studio Solution File, Format Version 12.00
# Visual Studio Version 17
VisualStudioVersion = 17.9.34622.214
MinimumVisualStudioVersion = 10.0.40219.1
Project("{FAE04EC0-301F-11D3-BF4B-00C04F79EFBC}") = "TimeZoneOverrideSeleniumProject", "TimeZoneOverrideSeleniumProject\TimeZoneOverrideSeleniumProject.csproj", "{139AB4CD-6E52-4D3E-B918-EE7498503CCF}"
EndProject
Global
	GlobalSection(SolutionConfigurationPlatforms) = preSolution
		Debug|Any CPU = Debug|Any CPU
		Release|Any CPU = Release|Any CPU
	EndGlobalSection
	GlobalSection(ProjectConfigurationPlatforms) = postSolution
		{139AB4CD-6E52-4D3E-B918-EE7498503CCF}.Debug|Any CPU.ActiveCfg = Debug|Any CPU
		{139AB4CD-6E52-4D3E-B918-EE7498503CCF}.Debug|Any CPU.Build.0 = Debug|Any CPU
		{139AB4CD-6E52-4D3E-B918-EE7498503CCF}.Release|Any CPU.ActiveCfg = Release|Any CPU
		{139AB4CD-6E52-4D3E-B918-EE7498503CCF}.Release|Any CPU.Build.0 = Release|Any CPU
	EndGlobalSection
	GlobalSection(SolutionProperties) = preSolution
		HideSolutionNode = FALSE
	EndGlobalSection
	GlobalSection(ExtensibilityGlobals) = postSolution
		SolutionGuid = {FEF87929-707C-4E31-A2C4-1046F2D15EA9}
	EndGlobalSection
EndGlobal
